
Microsoft Visual Studio Solution File, Format Version 12.00
# Visual Studio Version 17
VisualStudioVersion = 17.11.35222.181
MinimumVisualStudioVersion = 10.0.40219.1
Project("{9A19103F-16F7-4668-BE54-9A1E7A4F7556}") = "MovetruCase.API", "MovetruCase.API\MovetruCase.API.csproj", "{A14A0F4D-7611-447B-BB2D-05D7DC305D25}"
EndProject
Project("{9A19103F-16F7-4668-BE54-9A1E7A4F7556}") = "MovetruCase.Entities", "MovetruCase.Entities\MovetruCase.Entities.csproj", "{105584D7-6298-4722-8C81-1AB58DAED452}"
EndProject
Project("{9A19103F-16F7-4668-BE54-9A1E7A4F7556}") = "MovetruCase.DataAccessLayer", "MoveTrueCase.DataAccessLayer\MovetruCase.DataAccessLayer.csproj", "{12220139-1A17-426A-9A39-578B5117E1A3}"
EndProject
Project("{9A19103F-16F7-4668-BE54-9A1E7A4F7556}") = "MovetruCase.Business", "MovetruCase.Business\MovetruCase.Business.csproj", "{839E10D7-93DA-432B-9EBF-11FA88A57819}"
EndProject
Project("{FAE04EC0-301F-11D3-BF4B-00C04F79EFBC}") = "MovetruCase.Core", "MovetruCase.Core\MovetruCase.Core.csproj", "{E334DEDC-E167-4B90-ACDD-B515E8167717}"
EndProject
Global
	GlobalSection(SolutionConfigurationPlatforms) = preSolution
		Debug|Any CPU = Debug|Any CPU
		Release|Any CPU = Release|Any CPU
	EndGlobalSection
	GlobalSection(ProjectConfigurationPlatforms) = postSolution
		{A14A0F4D-7611-447B-BB2D-05D7DC305D25}.Debug|Any CPU.ActiveCfg = Debug|Any CPU
		{A14A0F4D-7611-447B-BB2D-05D7DC305D25}.Debug|Any CPU.Build.0 = Debug|Any CPU
		{A14A0F4D-7611-447B-BB2D-05D7DC305D25}.Release|Any CPU.ActiveCfg = Release|Any CPU
		{A14A0F4D-7611-447B-BB2D-05D7DC305D25}.Release|Any CPU.Build.0 = Release|Any CPU
		{105584D7-6298-4722-8C81-1AB58DAED452}.Debug|Any CPU.ActiveCfg = Debug|Any CPU
		{105584D7-6298-4722-8C81-1AB58DAED452}.Debug|Any CPU.Build.0 = Debug|Any CPU
		{105584D7-6298-4722-8C81-1AB58DAED452}.Release|Any CPU.ActiveCfg = Release|Any CPU
		{105584D7-6298-4722-8C81-1AB58DAED452}.Release|Any CPU.Build.0 = Release|Any CPU
		{12220139-1A17-426A-9A39-578B5117E1A3}.Debug|Any CPU.ActiveCfg = Debug|Any CPU
		{12220139-1A17-426A-9A39-578B5117E1A3}.Debug|Any CPU.Build.0 = Debug|Any CPU
		{12220139-1A17-426A-9A39-578B5117E1A3}.Release|Any CPU.ActiveCfg = Release|Any CPU
		{12220139-1A17-426A-9A39-578B5117E1A3}.Release|Any CPU.Build.0 = Release|Any CPU
		{839E10D7-93DA-432B-9EBF-11FA88A57819}.Debug|Any CPU.ActiveCfg = Debug|Any CPU
		{839E10D7-93DA-432B-9EBF-11FA88A57819}.Debug|Any CPU.Build.0 = Debug|Any CPU
		{839E10D7-93DA-432B-9EBF-11FA88A57819}.Release|Any CPU.ActiveCfg = Release|Any CPU
		{839E10D7-93DA-432B-9EBF-11FA88A57819}.Release|Any CPU.Build.0 = Release|Any CPU
		{E334DEDC-E167-4B90-ACDD-B515E8167717}.Debug|Any CPU.ActiveCfg = Debug|Any CPU
		{E334DEDC-E167-4B90-ACDD-B515E8167717}.Debug|Any CPU.Build.0 = Debug|Any CPU
		{E334DEDC-E167-4B90-ACDD-B515E8167717}.Release|Any CPU.ActiveCfg = Release|Any CPU
		{E334DEDC-E167-4B90-ACDD-B515E8167717}.Release|Any CPU.Build.0 = Release|Any CPU
	EndGlobalSection
	GlobalSection(SolutionProperties) = preSolution
		HideSolutionNode = FALSE
	EndGlobalSection
	GlobalSection(ExtensibilityGlobals) = postSolution
		SolutionGuid = {C5625D63-C984-44D9-9C49-286DF473B1D8}
	EndGlobalSection
EndGlobal
